
Microsoft Visual Studio Solution File, Format Version 12.00
# Visual Studio Version 16
VisualStudioVersion = 16.0.32228.343
MinimumVisualStudioVersion = 10.0.40219.1
Project("{FAE04EC0-301F-11D3-BF4B-00C04F79EFBC}") = "65-TraversalCoreProje", "65-TraversalCoreProje\65-TraversalCoreProje.csproj", "{5369F637-7CAD-41DF-99AB-2229520023E5}"
EndProject
Project("{FAE04EC0-301F-11D3-BF4B-00C04F79EFBC}") = "EntityLayer", "EntityLayer\EntityLayer.csproj", "{BAE42037-9E6B-4478-AF00-77C344583CC9}"
EndProject
Project("{FAE04EC0-301F-11D3-BF4B-00C04F79EFBC}") = "DataAccessLayer", "DataAccessLayer\DataAccessLayer.csproj", "{E0D8B85C-92EE-407B-B7E9-58F41D3EC35C}"
EndProject
Project("{FAE04EC0-301F-11D3-BF4B-00C04F79EFBC}") = "BusinessLayer", "BusinessLayer\BusinessLayer.csproj", "{ED61718A-B58C-46B9-A9F7-A64BC76F72B5}"
EndProject
Global
	GlobalSection(SolutionConfigurationPlatforms) = preSolution
		Debug|Any CPU = Debug|Any CPU
		Release|Any CPU = Release|Any CPU
	EndGlobalSection
	GlobalSection(ProjectConfigurationPlatforms) = postSolution
		{5369F637-7CAD-41DF-99AB-2229520023E5}.Debug|Any CPU.ActiveCfg = Debug|Any CPU
		{5369F637-7CAD-41DF-99AB-2229520023E5}.Debug|Any CPU.Build.0 = Debug|Any CPU
		{5369F637-7CAD-41DF-99AB-2229520023E5}.Release|Any CPU.ActiveCfg = Release|Any CPU
		{5369F637-7CAD-41DF-99AB-2229520023E5}.Release|Any CPU.Build.0 = Release|Any CPU
		{BAE42037-9E6B-4478-AF00-77C344583CC9}.Debug|Any CPU.ActiveCfg = Debug|Any CPU
		{BAE42037-9E6B-4478-AF00-77C344583CC9}.Debug|Any CPU.Build.0 = Debug|Any CPU
		{BAE42037-9E6B-4478-AF00-77C344583CC9}.Release|Any CPU.ActiveCfg = Release|Any CPU
		{BAE42037-9E6B-4478-AF00-77C344583CC9}.Release|Any CPU.Build.0 = Release|Any CPU
		{E0D8B85C-92EE-407B-B7E9-58F41D3EC35C}.Debug|Any CPU.ActiveCfg = Debug|Any CPU
		{E0D8B85C-92EE-407B-B7E9-58F41D3EC35C}.Debug|Any CPU.Build.0 = Debug|Any CPU
		{E0D8B85C-92EE-407B-B7E9-58F41D3EC35C}.Release|Any CPU.ActiveCfg = Release|Any CPU
		{E0D8B85C-92EE-407B-B7E9-58F41D3EC35C}.Release|Any CPU.Build.0 = Release|Any CPU
		{ED61718A-B58C-46B9-A9F7-A64BC76F72B5}.Debug|Any CPU.ActiveCfg = Debug|Any CPU
		{ED61718A-B58C-46B9-A9F7-A64BC76F72B5}.Debug|Any CPU.Build.0 = Debug|Any CPU
		{ED61718A-B58C-46B9-A9F7-A64BC76F72B5}.Release|Any CPU.ActiveCfg = Release|Any CPU
		{ED61718A-B58C-46B9-A9F7-A64BC76F72B5}.Release|Any CPU.Build.0 = Release|Any CPU
	EndGlobalSection
	GlobalSection(SolutionProperties) = preSolution
		HideSolutionNode = FALSE
	EndGlobalSection
	GlobalSection(ExtensibilityGlobals) = postSolution
		SolutionGuid = {E55FF8AE-8849-4DD6-82F0-10D40ACB97DF}
	EndGlobalSection
EndGlobal
